
Microsoft Visual Studio Solution File, Format Version 12.00
# Visual Studio 15
VisualStudioVersion = 15.0.26730.16
MinimumVisualStudioVersion = 10.0.40219.1
Project("{FAE04EC0-301F-11D3-BF4B-00C04F79EFBC}") = "BankApp", "BankApp\BankApp.csproj", "{80FBDA4C-8D81-40B8-9E30-EB3CC64A8AA7}"
EndProject
Project("{FAE04EC0-301F-11D3-BF4B-00C04F79EFBC}") = "BankAppTests", "BankAppTests\BankAppTests.csproj", "{3657F005-3431-4AE4-93E1-B26AEDAD515C}"
EndProject
Global
	GlobalSection(SolutionConfigurationPlatforms) = preSolution
		Debug|Any CPU = Debug|Any CPU
		Release|Any CPU = Release|Any CPU
	EndGlobalSection
	GlobalSection(ProjectConfigurationPlatforms) = postSolution
		{80FBDA4C-8D81-40B8-9E30-EB3CC64A8AA7}.Debug|Any CPU.ActiveCfg = Debug|Any CPU
		{80FBDA4C-8D81-40B8-9E30-EB3CC64A8AA7}.Debug|Any CPU.Build.0 = Debug|Any CPU
		{80FBDA4C-8D81-40B8-9E30-EB3CC64A8AA7}.Release|Any CPU.ActiveCfg = Release|Any CPU
		{80FBDA4C-8D81-40B8-9E30-EB3CC64A8AA7}.Release|Any CPU.Build.0 = Release|Any CPU
		{3657F005-3431-4AE4-93E1-B26AEDAD515C}.Debug|Any CPU.ActiveCfg = Debug|Any CPU
		{3657F005-3431-4AE4-93E1-B26AEDAD515C}.Debug|Any CPU.Build.0 = Debug|Any CPU
		{3657F005-3431-4AE4-93E1-B26AEDAD515C}.Release|Any CPU.ActiveCfg = Release|Any CPU
		{3657F005-3431-4AE4-93E1-B26AEDAD515C}.Release|Any CPU.Build.0 = Release|Any CPU
	EndGlobalSection
	GlobalSection(SolutionProperties) = preSolution
		HideSolutionNode = FALSE
	EndGlobalSection
	GlobalSection(ExtensibilityGlobals) = postSolution
		SolutionGuid = {D4DCB3FD-DB28-449F-BAEB-AFE492785FD5}
	EndGlobalSection
EndGlobal
